
Microsoft Visual Studio Solution File, Format Version 12.00
# Visual Studio Version 17
VisualStudioVersion = 17.1.32210.238
MinimumVisualStudioVersion = 10.0.40219.1
Project("{FAE04EC0-301F-11D3-BF4B-00C04F79EFBC}") = "temperaturaDepartamentos", "temperaturaDepartamentos.csproj", "{CCB917A4-F2BC-4BFD-909F-791B1E1E9D39}"
EndProject
Global
	GlobalSection(SolutionConfigurationPlatforms) = preSolution
		Debug|Any CPU = Debug|Any CPU
		Release|Any CPU = Release|Any CPU
	EndGlobalSection
	GlobalSection(ProjectConfigurationPlatforms) = postSolution
		{CCB917A4-F2BC-4BFD-909F-791B1E1E9D39}.Debug|Any CPU.ActiveCfg = Debug|Any CPU
		{CCB917A4-F2BC-4BFD-909F-791B1E1E9D39}.Debug|Any CPU.Build.0 = Debug|Any CPU
		{CCB917A4-F2BC-4BFD-909F-791B1E1E9D39}.Release|Any CPU.ActiveCfg = Release|Any CPU
		{CCB917A4-F2BC-4BFD-909F-791B1E1E9D39}.Release|Any CPU.Build.0 = Release|Any CPU
	EndGlobalSection
	GlobalSection(SolutionProperties) = preSolution
		HideSolutionNode = FALSE
	EndGlobalSection
	GlobalSection(ExtensibilityGlobals) = postSolution
		SolutionGuid = {135925E6-22BB-4966-A11A-9704514026B8}
	EndGlobalSection
EndGlobal
